
Microsoft Visual Studio Solution File, Format Version 12.00
# Visual Studio Version 17
VisualStudioVersion = 17.5.002.0
MinimumVisualStudioVersion = 10.0.40219.1
Project("{9A19103F-16F7-4668-BE54-9A1E7A4F7556}") = "project-masstransit", "Project-masstransit.csproj", "{3DF3D325-DEE4-495E-BCAD-426164C74477}"
EndProject
Global
	GlobalSection(SolutionConfigurationPlatforms) = preSolution
		Debug|Any CPU = Debug|Any CPU
		Release|Any CPU = Release|Any CPU
	EndGlobalSection
	GlobalSection(ProjectConfigurationPlatforms) = postSolution
		{3DF3D325-DEE4-495E-BCAD-426164C74477}.Debug|Any CPU.ActiveCfg = Debug|Any CPU
		{3DF3D325-DEE4-495E-BCAD-426164C74477}.Debug|Any CPU.Build.0 = Debug|Any CPU
		{3DF3D325-DEE4-495E-BCAD-426164C74477}.Release|Any CPU.ActiveCfg = Release|Any CPU
		{3DF3D325-DEE4-495E-BCAD-426164C74477}.Release|Any CPU.Build.0 = Release|Any CPU
	EndGlobalSection
	GlobalSection(SolutionProperties) = preSolution
		HideSolutionNode = FALSE
	EndGlobalSection
	GlobalSection(ExtensibilityGlobals) = postSolution
		SolutionGuid = {B89774BB-A2FB-457B-8CCE-B8E7717CB382}
	EndGlobalSection
EndGlobal
